
Microsoft Visual Studio Solution File, Format Version 12.00
# Visual Studio Version 16
VisualStudioVersion = 16.0.28803.202
MinimumVisualStudioVersion = 10.0.40219.1
Project("{9A19103F-16F7-4668-BE54-9A1E7A4F7556}") = "DatingApp.API", "DatingApp.API.csproj", "{D1C41ED0-6BE8-47C9-94DC-5756ACDC6FAE}"
EndProject
Global
	GlobalSection(SolutionConfigurationPlatforms) = preSolution
		Debug|Any CPU = Debug|Any CPU
		Release|Any CPU = Release|Any CPU
	EndGlobalSection
	GlobalSection(ProjectConfigurationPlatforms) = postSolution
		{D1C41ED0-6BE8-47C9-94DC-5756ACDC6FAE}.Debug|Any CPU.ActiveCfg = Debug|Any CPU
		{D1C41ED0-6BE8-47C9-94DC-5756ACDC6FAE}.Debug|Any CPU.Build.0 = Debug|Any CPU
		{D1C41ED0-6BE8-47C9-94DC-5756ACDC6FAE}.Release|Any CPU.ActiveCfg = Release|Any CPU
		{D1C41ED0-6BE8-47C9-94DC-5756ACDC6FAE}.Release|Any CPU.Build.0 = Release|Any CPU
	EndGlobalSection
	GlobalSection(SolutionProperties) = preSolution
		HideSolutionNode = FALSE
	EndGlobalSection
	GlobalSection(ExtensibilityGlobals) = postSolution
		SolutionGuid = {897D4E1D-6EEC-4B2A-BB70-DABCD5DB10FF}
	EndGlobalSection
EndGlobal
